// !$*UTF8*$!
{
	archiveVersion = 1;
	classes = {
	};
	objectVersion = 55;
	objects = {

/* Begin PBXBuildFile section */
		4C0637C9297F0DD6001606EF /* ButtonStartPeriod.swift in Sources */ = {isa = PBXBuildFile; fileRef = 4C0637C8297F0DD6001606EF /* ButtonStartPeriod.swift */; };
		4C3BCFF928D2572200090C47 /* SettingsViewController.swift in Sources */ = {isa = PBXBuildFile; fileRef = 4C3BCFF828D2572200090C47 /* SettingsViewController.swift */; };
		4C3BCFFB28D2595B00090C47 /* NotificationsViewController.swift in Sources */ = {isa = PBXBuildFile; fileRef = 4C3BCFFA28D2595B00090C47 /* NotificationsViewController.swift */; };
		4C4B24A1294B6111000EA85E /* FirstTableViewCell.swift in Sources */ = {isa = PBXBuildFile; fileRef = 4C4B249F294B6111000EA85E /* FirstTableViewCell.swift */; };
		4C4B24A2294B6111000EA85E /* FirstTableViewCell.xib in Resources */ = {isa = PBXBuildFile; fileRef = 4C4B24A0294B6111000EA85E /* FirstTableViewCell.xib */; };
		4C4B24A5294B7914000EA85E /* ThirdAdvicesTableViewCell.swift in Sources */ = {isa = PBXBuildFile; fileRef = 4C4B24A3294B7914000EA85E /* ThirdAdvicesTableViewCell.swift */; };
		4C4B24A6294B7914000EA85E /* ThirdAdvicesTableViewCell.xib in Resources */ = {isa = PBXBuildFile; fileRef = 4C4B24A4294B7914000EA85E /* ThirdAdvicesTableViewCell.xib */; };
		4C564F9A28C5272E00B2C883 /* AppDelegate.swift in Sources */ = {isa = PBXBuildFile; fileRef = 4C564F9928C5272E00B2C883 /* AppDelegate.swift */; };
		4C564F9C28C5272E00B2C883 /* SceneDelegate.swift in Sources */ = {isa = PBXBuildFile; fileRef = 4C564F9B28C5272E00B2C883 /* SceneDelegate.swift */; };
		4C564FA128C5272E00B2C883 /* Main.storyboard in Resources */ = {isa = PBXBuildFile; fileRef = 4C564F9F28C5272E00B2C883 /* Main.storyboard */; };
		4C564FA328C5272F00B2C883 /* Assets.xcassets in Resources */ = {isa = PBXBuildFile; fileRef = 4C564FA228C5272F00B2C883 /* Assets.xcassets */; };
		4C564FA628C5272F00B2C883 /* LaunchScreen.storyboard in Resources */ = {isa = PBXBuildFile; fileRef = 4C564FA428C5272F00B2C883 /* LaunchScreen.storyboard */; };
		4C59211E296740490033353B /* UIHelper.swift in Sources */ = {isa = PBXBuildFile; fileRef = 4C59211D296740490033353B /* UIHelper.swift */; };
		4C592121296761C30033353B /* PersistenceManager.swift in Sources */ = {isa = PBXBuildFile; fileRef = 4C592120296761C30033353B /* PersistenceManager.swift */; };
		4C5921232967648D0033353B /* EmptyStateView.swift in Sources */ = {isa = PBXBuildFile; fileRef = 4C5921222967648D0033353B /* EmptyStateView.swift */; };
		4C592125296765FB0033353B /* Button.swift in Sources */ = {isa = PBXBuildFile; fileRef = 4C592124296765FB0033353B /* Button.swift */; };
		4C608D4B297AAAD700F9CBFF /* FSCalendarWeek.swift in Sources */ = {isa = PBXBuildFile; fileRef = 4C608D4A297AAAD700F9CBFF /* FSCalendarWeek.swift */; };
		4C62546C293D08C7006EE670 /* SecondReviewTableViewCell.swift in Sources */ = {isa = PBXBuildFile; fileRef = 4C62546A293D08C7006EE670 /* SecondReviewTableViewCell.swift */; };
		4C62546D293D08C7006EE670 /* SecondReviewTableViewCell.xib in Resources */ = {isa = PBXBuildFile; fileRef = 4C62546B293D08C7006EE670 /* SecondReviewTableViewCell.xib */; };
		4C625471293D13A3006EE670 /* DetailAdvicesViewController.swift in Sources */ = {isa = PBXBuildFile; fileRef = 4C625470293D13A3006EE670 /* DetailAdvicesViewController.swift */; };
		4C718D5B295F431E002558AD /* SFSymbols.swift in Sources */ = {isa = PBXBuildFile; fileRef = 4C718D5A295F431E002558AD /* SFSymbols.swift */; };
		4C718D5D295F44C5002558AD /* HeaderLabels.swift in Sources */ = {isa = PBXBuildFile; fileRef = 4C718D5C295F44C5002558AD /* HeaderLabels.swift */; };
		4C718D60295F46B2002558AD /* TitleLabel.swift in Sources */ = {isa = PBXBuildFile; fileRef = 4C718D5F295F46B2002558AD /* TitleLabel.swift */; };
		4C74E6AB2965B6EA00D85FB7 /* AdvicesButton.swift in Sources */ = {isa = PBXBuildFile; fileRef = 4C74E6AA2965B6EA00D85FB7 /* AdvicesButton.swift */; };
		4C7B83952971ADC3001EC9A4 /* StartPageViewController.swift in Sources */ = {isa = PBXBuildFile; fileRef = 4C7B83942971ADC3001EC9A4 /* StartPageViewController.swift */; };
		4C7B83992971BB82001EC9A4 /* AlertViewController.swift in Sources */ = {isa = PBXBuildFile; fileRef = 4C7B83982971BB82001EC9A4 /* AlertViewController.swift */; };
		4C7B839B2971BC0D001EC9A4 /* BodyLabel.swift in Sources */ = {isa = PBXBuildFile; fileRef = 4C7B839A2971BC0D001EC9A4 /* BodyLabel.swift */; };
		4C7B839D2971BE16001EC9A4 /* UIColor.swift in Sources */ = {isa = PBXBuildFile; fileRef = 4C7B839C2971BE16001EC9A4 /* UIColor.swift */; };
		4C7B83A22971C55C001EC9A4 /* TextField.swift in Sources */ = {isa = PBXBuildFile; fileRef = 4C7B83A12971C55C001EC9A4 /* TextField.swift */; };
		4C7B83A42971C80E001EC9A4 /* RegistrationView.swift in Sources */ = {isa = PBXBuildFile; fileRef = 4C7B83A32971C80E001EC9A4 /* RegistrationView.swift */; };
		4C7B83A62971DD81001EC9A4 /* EnterView.swift in Sources */ = {isa = PBXBuildFile; fileRef = 4C7B83A52971DD81001EC9A4 /* EnterView.swift */; };
		4C80416D29745A70002ECF7F /* Dates+EXT.swift in Sources */ = {isa = PBXBuildFile; fileRef = 4C80416C29745A70002ECF7F /* Dates+EXT.swift */; };
		4C80416F29745A8D002ECF7F /* String+ext.swift in Sources */ = {isa = PBXBuildFile; fileRef = 4C80416E29745A8D002ECF7F /* String+ext.swift */; };
		4C9602DB2979842200DF3276 /* PeriodModel.swift in Sources */ = {isa = PBXBuildFile; fileRef = 4C9602DA2979842200DF3276 /* PeriodModel.swift */; };
		4C9ACCC528D3A5C2003DC1B2 /* Extention+ButtonAdvices.swift in Sources */ = {isa = PBXBuildFile; fileRef = 4C9ACCC428D3A5C2003DC1B2 /* Extention+ButtonAdvices.swift */; };
		4CA2945328C61FBA007519EF /* Launch Screen.storyboard in Resources */ = {isa = PBXBuildFile; fileRef = 4CA2945228C61FBA007519EF /* Launch Screen.storyboard */; };
		4CA92D47296969B500DA89E6 /* ModelDetailAdvices.swift in Sources */ = {isa = PBXBuildFile; fileRef = 4CA92D46296969B500DA89E6 /* ModelDetailAdvices.swift */; };
		4CA92D4929696D0700DA89E6 /* DescriptionOfAdvice.swift in Sources */ = {isa = PBXBuildFile; fileRef = 4CA92D4829696D0700DA89E6 /* DescriptionOfAdvice.swift */; };
		4CAA214328D8FFCE0037C628 /* CalendarViewController.swift in Sources */ = {isa = PBXBuildFile; fileRef = 4CAA214228D8FFCE0037C628 /* CalendarViewController.swift */; };
		4CACAD582964C64C0009DAE6 /* UIViewController+ext.swift in Sources */ = {isa = PBXBuildFile; fileRef = 4CACAD572964C64C0009DAE6 /* UIViewController+ext.swift */; };
		4CAF5803298173DD00F96F47 /* LocalStorageManager.swift in Sources */ = {isa = PBXBuildFile; fileRef = 4CAF5802298173DD00F96F47 /* LocalStorageManager.swift */; };
		4CAF5807298174D200F96F47 /* User.swift in Sources */ = {isa = PBXBuildFile; fileRef = 4CAF5806298174D200F96F47 /* User.swift */; };
		4CAF5809298174E600F96F47 /* UserInfoModel.swift in Sources */ = {isa = PBXBuildFile; fileRef = 4CAF5808298174E600F96F47 /* UserInfoModel.swift */; };
		4CCB4ED12920028C00D2E5DB /* AdvicesViewController.swift in Sources */ = {isa = PBXBuildFile; fileRef = 4CCB4ED02920028C00D2E5DB /* AdvicesViewController.swift */; };
		4CD6A94429732166004A28DD /* RegistrationViewController.swift in Sources */ = {isa = PBXBuildFile; fileRef = 4CD6A94329732166004A28DD /* RegistrationViewController.swift */; };
		4CDD7554298576F800C8C001 /* MonthlyMenstrualCycle.swift in Sources */ = {isa = PBXBuildFile; fileRef = 4CDD7553298576F800C8C001 /* MonthlyMenstrualCycle.swift */; };
		4CE7A402291D393300B49515 /* HeaderViewAdvicesVC.swift in Sources */ = {isa = PBXBuildFile; fileRef = 4CE7A401291D393300B49515 /* HeaderViewAdvicesVC.swift */; };
		4CE7A405291D4A9F00B49515 /* Advice.swift in Sources */ = {isa = PBXBuildFile; fileRef = 4CE7A404291D4A9F00B49515 /* Advice.swift */; };
		4CE7A40A291D7F7C00B49515 /* AdvicesCell.swift in Sources */ = {isa = PBXBuildFile; fileRef = 4CE7A409291D7F7C00B49515 /* AdvicesCell.swift */; };
		4CE85E69297D528E004C2A94 /* CycleDescription.swift in Sources */ = {isa = PBXBuildFile; fileRef = 4CE85E68297D528E004C2A94 /* CycleDescription.swift */; };
		4CE85E6E297D67EA004C2A94 /* CircleDaysOfPeriodView.swift in Sources */ = {isa = PBXBuildFile; fileRef = 4CE85E6D297D67EA004C2A94 /* CircleDaysOfPeriodView.swift */; };
		4CEFF06B2986CEAD00783413 /* DatesView.swift in Sources */ = {isa = PBXBuildFile; fileRef = 4CEFF06A2986CEAD00783413 /* DatesView.swift */; };
		4CF0C2E4297832D500D1672F /* FSCalendar in Frameworks */ = {isa = PBXBuildFile; productRef = 4CF0C2E3297832D500D1672F /* FSCalendar */; };
		4CF0C2E6297833CF00D1672F /* OpenCalendarViewController.swift in Sources */ = {isa = PBXBuildFile; fileRef = 4CF0C2E5297833CF00D1672F /* OpenCalendarViewController.swift */; };
		4CF0C2E82978836B00D1672F /* DaysOfPeriod.swift in Sources */ = {isa = PBXBuildFile; fileRef = 4CF0C2E72978836B00D1672F /* DaysOfPeriod.swift */; };
		C38200AB4617E57D59B67BCA /* Pods_floProject2.framework in Frameworks */ = {isa = PBXBuildFile; fileRef = FF86AA76845930E69F84AF51 /* Pods_floProject2.framework */; };
/* End PBXBuildFile section */

/* Begin PBXFileReference section */
		4C0637C8297F0DD6001606EF /* ButtonStartPeriod.swift */ = {isa = PBXFileReference; lastKnownFileType = sourcecode.swift; path = ButtonStartPeriod.swift; sourceTree = "<group>"; };
		4C3BCFF828D2572200090C47 /* SettingsViewController.swift */ = {isa = PBXFileReference; lastKnownFileType = sourcecode.swift; path = SettingsViewController.swift; sourceTree = "<group>"; };
		4C3BCFFA28D2595B00090C47 /* NotificationsViewController.swift */ = {isa = PBXFileReference; lastKnownFileType = sourcecode.swift; path = NotificationsViewController.swift; sourceTree = "<group>"; };
		4C4B249F294B6111000EA85E /* FirstTableViewCell.swift */ = {isa = PBXFileReference; lastKnownFileType = sourcecode.swift; path = FirstTableViewCell.swift; sourceTree = "<group>"; };
		4C4B24A0294B6111000EA85E /* FirstTableViewCell.xib */ = {isa = PBXFileReference; lastKnownFileType = file.xib; path = FirstTableViewCell.xib; sourceTree = "<group>"; };
		4C4B24A3294B7914000EA85E /* ThirdAdvicesTableViewCell.swift */ = {isa = PBXFileReference; lastKnownFileType = sourcecode.swift; path = ThirdAdvicesTableViewCell.swift; sourceTree = "<group>"; };
		4C4B24A4294B7914000EA85E /* ThirdAdvicesTableViewCell.xib */ = {isa = PBXFileReference; lastKnownFileType = file.xib; path = ThirdAdvicesTableViewCell.xib; sourceTree = "<group>"; };
		4C564F9628C5272E00B2C883 /* floProject2.app */ = {isa = PBXFileReference; explicitFileType = wrapper.application; includeInIndex = 0; path = floProject2.app; sourceTree = BUILT_PRODUCTS_DIR; };
		4C564F9928C5272E00B2C883 /* AppDelegate.swift */ = {isa = PBXFileReference; lastKnownFileType = sourcecode.swift; path = AppDelegate.swift; sourceTree = "<group>"; };
		4C564F9B28C5272E00B2C883 /* SceneDelegate.swift */ = {isa = PBXFileReference; lastKnownFileType = sourcecode.swift; path = SceneDelegate.swift; sourceTree = "<group>"; };
		4C564FA028C5272E00B2C883 /* Base */ = {isa = PBXFileReference; lastKnownFileType = file.storyboard; name = Base; path = Base.lproj/Main.storyboard; sourceTree = "<group>"; };
		4C564FA228C5272F00B2C883 /* Assets.xcassets */ = {isa = PBXFileReference; lastKnownFileType = folder.assetcatalog; path = Assets.xcassets; sourceTree = "<group>"; };
		4C564FA528C5272F00B2C883 /* Base */ = {isa = PBXFileReference; lastKnownFileType = file.storyboard; name = Base; path = Base.lproj/LaunchScreen.storyboard; sourceTree = "<group>"; };
		4C564FA728C5272F00B2C883 /* Info.plist */ = {isa = PBXFileReference; lastKnownFileType = text.plist.xml; path = Info.plist; sourceTree = "<group>"; };
		4C59211D296740490033353B /* UIHelper.swift */ = {isa = PBXFileReference; lastKnownFileType = sourcecode.swift; path = UIHelper.swift; sourceTree = "<group>"; };
		4C592120296761C30033353B /* PersistenceManager.swift */ = {isa = PBXFileReference; lastKnownFileType = sourcecode.swift; path = PersistenceManager.swift; sourceTree = "<group>"; };
		4C5921222967648D0033353B /* EmptyStateView.swift */ = {isa = PBXFileReference; lastKnownFileType = sourcecode.swift; path = EmptyStateView.swift; sourceTree = "<group>"; };
		4C592124296765FB0033353B /* Button.swift */ = {isa = PBXFileReference; lastKnownFileType = sourcecode.swift; path = Button.swift; sourceTree = "<group>"; };
		4C608D4A297AAAD700F9CBFF /* FSCalendarWeek.swift */ = {isa = PBXFileReference; lastKnownFileType = sourcecode.swift; path = FSCalendarWeek.swift; sourceTree = "<group>"; };
		4C62546A293D08C7006EE670 /* SecondReviewTableViewCell.swift */ = {isa = PBXFileReference; lastKnownFileType = sourcecode.swift; path = SecondReviewTableViewCell.swift; sourceTree = "<group>"; };
		4C62546B293D08C7006EE670 /* SecondReviewTableViewCell.xib */ = {isa = PBXFileReference; lastKnownFileType = file.xib; path = SecondReviewTableViewCell.xib; sourceTree = "<group>"; };
		4C625470293D13A3006EE670 /* DetailAdvicesViewController.swift */ = {isa = PBXFileReference; lastKnownFileType = sourcecode.swift; path = DetailAdvicesViewController.swift; sourceTree = "<group>"; };
		4C718D5A295F431E002558AD /* SFSymbols.swift */ = {isa = PBXFileReference; lastKnownFileType = sourcecode.swift; path = SFSymbols.swift; sourceTree = "<group>"; };
		4C718D5C295F44C5002558AD /* HeaderLabels.swift */ = {isa = PBXFileReference; lastKnownFileType = sourcecode.swift; path = HeaderLabels.swift; sourceTree = "<group>"; };
		4C718D5F295F46B2002558AD /* TitleLabel.swift */ = {isa = PBXFileReference; lastKnownFileType = sourcecode.swift; path = TitleLabel.swift; sourceTree = "<group>"; };
		4C74E6AA2965B6EA00D85FB7 /* AdvicesButton.swift */ = {isa = PBXFileReference; lastKnownFileType = sourcecode.swift; path = AdvicesButton.swift; sourceTree = "<group>"; };
		4C7B83942971ADC3001EC9A4 /* StartPageViewController.swift */ = {isa = PBXFileReference; lastKnownFileType = sourcecode.swift; path = StartPageViewController.swift; sourceTree = "<group>"; };
		4C7B83982971BB82001EC9A4 /* AlertViewController.swift */ = {isa = PBXFileReference; lastKnownFileType = sourcecode.swift; path = AlertViewController.swift; sourceTree = "<group>"; };
		4C7B839A2971BC0D001EC9A4 /* BodyLabel.swift */ = {isa = PBXFileReference; lastKnownFileType = sourcecode.swift; path = BodyLabel.swift; sourceTree = "<group>"; };
		4C7B839C2971BE16001EC9A4 /* UIColor.swift */ = {isa = PBXFileReference; lastKnownFileType = sourcecode.swift; path = UIColor.swift; sourceTree = "<group>"; };
		4C7B83A12971C55C001EC9A4 /* TextField.swift */ = {isa = PBXFileReference; lastKnownFileType = sourcecode.swift; path = TextField.swift; sourceTree = "<group>"; };
		4C7B83A32971C80E001EC9A4 /* RegistrationView.swift */ = {isa = PBXFileReference; lastKnownFileType = sourcecode.swift; path = RegistrationView.swift; sourceTree = "<group>"; };
		4C7B83A52971DD81001EC9A4 /* EnterView.swift */ = {isa = PBXFileReference; lastKnownFileType = sourcecode.swift; path = EnterView.swift; sourceTree = "<group>"; };
		4C80416C29745A70002ECF7F /* Dates+EXT.swift */ = {isa = PBXFileReference; lastKnownFileType = sourcecode.swift; path = "Dates+EXT.swift"; sourceTree = "<group>"; };
		4C80416E29745A8D002ECF7F /* String+ext.swift */ = {isa = PBXFileReference; lastKnownFileType = sourcecode.swift; path = "String+ext.swift"; sourceTree = "<group>"; };
		4C9602DA2979842200DF3276 /* PeriodModel.swift */ = {isa = PBXFileReference; lastKnownFileType = sourcecode.swift; path = PeriodModel.swift; sourceTree = "<group>"; };
		4C9ACCC428D3A5C2003DC1B2 /* Extention+ButtonAdvices.swift */ = {isa = PBXFileReference; lastKnownFileType = sourcecode.swift; path = "Extention+ButtonAdvices.swift"; sourceTree = "<group>"; };
		4CA2945228C61FBA007519EF /* Launch Screen.storyboard */ = {isa = PBXFileReference; lastKnownFileType = file.storyboard; path = "Launch Screen.storyboard"; sourceTree = "<group>"; };
		4CA92D46296969B500DA89E6 /* ModelDetailAdvices.swift */ = {isa = PBXFileReference; lastKnownFileType = sourcecode.swift; path = ModelDetailAdvices.swift; sourceTree = "<group>"; };
		4CA92D4829696D0700DA89E6 /* DescriptionOfAdvice.swift */ = {isa = PBXFileReference; lastKnownFileType = sourcecode.swift; path = DescriptionOfAdvice.swift; sourceTree = "<group>"; };
		4CAA214228D8FFCE0037C628 /* CalendarViewController.swift */ = {isa = PBXFileReference; lastKnownFileType = sourcecode.swift; path = CalendarViewController.swift; sourceTree = "<group>"; };
		4CACAD572964C64C0009DAE6 /* UIViewController+ext.swift */ = {isa = PBXFileReference; lastKnownFileType = sourcecode.swift; path = "UIViewController+ext.swift"; sourceTree = "<group>"; };
		4CAF5802298173DD00F96F47 /* LocalStorageManager.swift */ = {isa = PBXFileReference; lastKnownFileType = sourcecode.swift; path = LocalStorageManager.swift; sourceTree = "<group>"; };
		4CAF5806298174D200F96F47 /* User.swift */ = {isa = PBXFileReference; lastKnownFileType = sourcecode.swift; path = User.swift; sourceTree = "<group>"; };
		4CAF5808298174E600F96F47 /* UserInfoModel.swift */ = {isa = PBXFileReference; lastKnownFileType = sourcecode.swift; path = UserInfoModel.swift; sourceTree = "<group>"; };
		4CCB4ED02920028C00D2E5DB /* AdvicesViewController.swift */ = {isa = PBXFileReference; lastKnownFileType = sourcecode.swift; path = AdvicesViewController.swift; sourceTree = "<group>"; };
		4CD6A94329732166004A28DD /* RegistrationViewController.swift */ = {isa = PBXFileReference; lastKnownFileType = sourcecode.swift; path = RegistrationViewController.swift; sourceTree = "<group>"; };
		4CDD7553298576F800C8C001 /* MonthlyMenstrualCycle.swift */ = {isa = PBXFileReference; lastKnownFileType = sourcecode.swift; path = MonthlyMenstrualCycle.swift; sourceTree = "<group>"; };
		4CE7A401291D393300B49515 /* HeaderViewAdvicesVC.swift */ = {isa = PBXFileReference; lastKnownFileType = sourcecode.swift; path = HeaderViewAdvicesVC.swift; sourceTree = "<group>"; };
		4CE7A404291D4A9F00B49515 /* Advice.swift */ = {isa = PBXFileReference; lastKnownFileType = sourcecode.swift; path = Advice.swift; sourceTree = "<group>"; };
		4CE7A409291D7F7C00B49515 /* AdvicesCell.swift */ = {isa = PBXFileReference; lastKnownFileType = sourcecode.swift; path = AdvicesCell.swift; sourceTree = "<group>"; };
		4CE85E68297D528E004C2A94 /* CycleDescription.swift */ = {isa = PBXFileReference; lastKnownFileType = sourcecode.swift; path = CycleDescription.swift; sourceTree = "<group>"; };
		4CE85E6D297D67EA004C2A94 /* CircleDaysOfPeriodView.swift */ = {isa = PBXFileReference; lastKnownFileType = sourcecode.swift; path = CircleDaysOfPeriodView.swift; sourceTree = "<group>"; };
		4CEFF06A2986CEAD00783413 /* DatesView.swift */ = {isa = PBXFileReference; lastKnownFileType = sourcecode.swift; path = DatesView.swift; sourceTree = "<group>"; };
		4CF0C2E5297833CF00D1672F /* OpenCalendarViewController.swift */ = {isa = PBXFileReference; lastKnownFileType = sourcecode.swift; path = OpenCalendarViewController.swift; sourceTree = "<group>"; };
		4CF0C2E72978836B00D1672F /* DaysOfPeriod.swift */ = {isa = PBXFileReference; lastKnownFileType = sourcecode.swift; path = DaysOfPeriod.swift; sourceTree = "<group>"; };
		5711C8260427755597E02EE3 /* Pods-floProject2.release.xcconfig */ = {isa = PBXFileReference; includeInIndex = 1; lastKnownFileType = text.xcconfig; name = "Pods-floProject2.release.xcconfig"; path = "Target Support Files/Pods-floProject2/Pods-floProject2.release.xcconfig"; sourceTree = "<group>"; };
		B5CD305DAF72C48C12D6F38B /* Pods-floProject2.debug.xcconfig */ = {isa = PBXFileReference; includeInIndex = 1; lastKnownFileType = text.xcconfig; name = "Pods-floProject2.debug.xcconfig"; path = "Target Support Files/Pods-floProject2/Pods-floProject2.debug.xcconfig"; sourceTree = "<group>"; };
		FF86AA76845930E69F84AF51 /* Pods_floProject2.framework */ = {isa = PBXFileReference; explicitFileType = wrapper.framework; includeInIndex = 0; path = Pods_floProject2.framework; sourceTree = BUILT_PRODUCTS_DIR; };
/* End PBXFileReference section */

/* Begin PBXFrameworksBuildPhase section */
		4C564F9328C5272E00B2C883 /* Frameworks */ = {
			isa = PBXFrameworksBuildPhase;
			buildActionMask = 2147483647;
			files = (
				C38200AB4617E57D59B67BCA /* Pods_floProject2.framework in Frameworks */,
				4CF0C2E4297832D500D1672F /* FSCalendar in Frameworks */,
			);
			runOnlyForDeploymentPostprocessing = 0;
		};
/* End PBXFrameworksBuildPhase section */

/* Begin PBXGroup section */
		4C564F8D28C5272D00B2C883 = {
			isa = PBXGroup;
			children = (
				4C564F9828C5272E00B2C883 /* floProject2 */,
				4C564F9728C5272E00B2C883 /* Products */,
				BA111BF38100E84CA939DD5D /* Pods */,
				93577273FBEE6CBFD2342421 /* Frameworks */,
			);
			sourceTree = "<group>";
		};
		4C564F9728C5272E00B2C883 /* Products */ = {
			isa = PBXGroup;
			children = (
				4C564F9628C5272E00B2C883 /* floProject2.app */,
			);
			name = Products;
			sourceTree = "<group>";
		};
		4C564F9828C5272E00B2C883 /* floProject2 */ = {
			isa = PBXGroup;
			children = (
				4C59211F296761AE0033353B /* Manager */,
				4CACAD562964C6000009DAE6 /* Extencions */,
				4C718D59295F4304002558AD /* Utilities */,
				4CE7A406291D4AA400B49515 /* Model */,
				4CE7A403291D393B00B49515 /* Views */,
				4CAA214428D901E20037C628 /* MainControllers */,
				4C718D58295F42C5002558AD /* Supports */,
				4C564FA728C5272F00B2C883 /* Info.plist */,
			);
			path = floProject2;
			sourceTree = "<group>";
		};
		4C59211F296761AE0033353B /* Manager */ = {
			isa = PBXGroup;
			children = (
				4C592120296761C30033353B /* PersistenceManager.swift */,
				4CAF5802298173DD00F96F47 /* LocalStorageManager.swift */,
			);
			path = Manager;
			sourceTree = "<group>";
		};
		4C608D49297AAAA400F9CBFF /* FSCalendarView */ = {
			isa = PBXGroup;
			children = (
				4C608D4A297AAAD700F9CBFF /* FSCalendarWeek.swift */,
			);
			path = FSCalendarView;
			sourceTree = "<group>";
		};
		4C625467293D0063006EE670 /* AdvicesTableViewCells */ = {
			isa = PBXGroup;
			children = (
				4C4B249F294B6111000EA85E /* FirstTableViewCell.swift */,
				4C62546A293D08C7006EE670 /* SecondReviewTableViewCell.swift */,
				4C4B24A3294B7914000EA85E /* ThirdAdvicesTableViewCell.swift */,
				4C4B24A4294B7914000EA85E /* ThirdAdvicesTableViewCell.xib */,
				4C62546B293D08C7006EE670 /* SecondReviewTableViewCell.xib */,
				4C4B24A0294B6111000EA85E /* FirstTableViewCell.xib */,
			);
			path = AdvicesTableViewCells;
			sourceTree = "<group>";
		};
		4C6A25C129672CB500FE1220 /* CollectionViewCell */ = {
			isa = PBXGroup;
			children = (
				4CE7A409291D7F7C00B49515 /* AdvicesCell.swift */,
			);
			path = CollectionViewCell;
			sourceTree = "<group>";
		};
		4C718D58295F42C5002558AD /* Supports */ = {
			isa = PBXGroup;
			children = (
				4C564F9B28C5272E00B2C883 /* SceneDelegate.swift */,
				4C564F9928C5272E00B2C883 /* AppDelegate.swift */,
				4CA2945228C61FBA007519EF /* Launch Screen.storyboard */,
				4C564FA228C5272F00B2C883 /* Assets.xcassets */,
				4C564FA428C5272F00B2C883 /* LaunchScreen.storyboard */,
				4C564F9F28C5272E00B2C883 /* Main.storyboard */,
			);
			path = Supports;
			sourceTree = "<group>";
		};
		4C718D59295F4304002558AD /* Utilities */ = {
			isa = PBXGroup;
			children = (
				4C718D5A295F431E002558AD /* SFSymbols.swift */,
				4CF0C2E72978836B00D1672F /* DaysOfPeriod.swift */,
				4C7B839C2971BE16001EC9A4 /* UIColor.swift */,
				4C718D5C295F44C5002558AD /* HeaderLabels.swift */,
				4CE85E68297D528E004C2A94 /* CycleDescription.swift */,
				4C59211D296740490033353B /* UIHelper.swift */,
			);
			path = Utilities;
			sourceTree = "<group>";
		};
		4C718D5E295F468F002558AD /* Labels */ = {
			isa = PBXGroup;
			children = (
				4C718D5F295F46B2002558AD /* TitleLabel.swift */,
				4C7B839A2971BC0D001EC9A4 /* BodyLabel.swift */,
			);
			path = Labels;
			sourceTree = "<group>";
		};
		4C74E6A92965B25000D85FB7 /* Buttons */ = {
			isa = PBXGroup;
			children = (
				4C74E6AA2965B6EA00D85FB7 /* AdvicesButton.swift */,
				4C592124296765FB0033353B /* Button.swift */,
				4C0637C8297F0DD6001606EF /* ButtonStartPeriod.swift */,
			);
			path = Buttons;
			sourceTree = "<group>";
		};
		4C7B83972971BB09001EC9A4 /* CustomViewControllers */ = {
			isa = PBXGroup;
			children = (
				4C7B83982971BB82001EC9A4 /* AlertViewController.swift */,
				4CF0C2E5297833CF00D1672F /* OpenCalendarViewController.swift */,
			);
			path = CustomViewControllers;
			sourceTree = "<group>";
		};
		4C7B839E2971C52C001EC9A4 /* TextFields */ = {
			isa = PBXGroup;
			children = (
				4C7B83A12971C55C001EC9A4 /* TextField.swift */,
			);
			path = TextFields;
			sourceTree = "<group>";
		};
		4CAA214428D901E20037C628 /* MainControllers */ = {
			isa = PBXGroup;
			children = (
				4C7B83942971ADC3001EC9A4 /* StartPageViewController.swift */,
				4CD6A94329732166004A28DD /* RegistrationViewController.swift */,
				4CAA214228D8FFCE0037C628 /* CalendarViewController.swift */,
				4CCB4ED02920028C00D2E5DB /* AdvicesViewController.swift */,
				4C3BCFF828D2572200090C47 /* SettingsViewController.swift */,
				4C3BCFFA28D2595B00090C47 /* NotificationsViewController.swift */,
				4C625470293D13A3006EE670 /* DetailAdvicesViewController.swift */,
			);
			path = MainControllers;
			sourceTree = "<group>";
		};
		4CACAD562964C6000009DAE6 /* Extencions */ = {
			isa = PBXGroup;
			children = (
				4CACAD572964C64C0009DAE6 /* UIViewController+ext.swift */,
				4C80416C29745A70002ECF7F /* Dates+EXT.swift */,
				4C80416E29745A8D002ECF7F /* String+ext.swift */,
				4C9ACCC428D3A5C2003DC1B2 /* Extention+ButtonAdvices.swift */,
			);
			path = Extencions;
			sourceTree = "<group>";
		};
		4CE7A403291D393B00B49515 /* Views */ = {
			isa = PBXGroup;
			children = (
				4CE85E6A297D542C004C2A94 /* View */,
				4C608D49297AAAA400F9CBFF /* FSCalendarView */,
				4C7B839E2971C52C001EC9A4 /* TextFields */,
				4C7B83972971BB09001EC9A4 /* CustomViewControllers */,
				4C74E6A92965B25000D85FB7 /* Buttons */,
				4C718D5E295F468F002558AD /* Labels */,
				4C625467293D0063006EE670 /* AdvicesTableViewCells */,
			);
			path = Views;
			sourceTree = "<group>";
		};
		4CE7A406291D4AA400B49515 /* Model */ = {
			isa = PBXGroup;
			children = (
				4CE7A404291D4A9F00B49515 /* Advice.swift */,
				4CAF5806298174D200F96F47 /* User.swift */,
				4CAF5808298174E600F96F47 /* UserInfoModel.swift */,
				4C9602DA2979842200DF3276 /* PeriodModel.swift */,
				4CA92D4829696D0700DA89E6 /* DescriptionOfAdvice.swift */,
				4CA92D46296969B500DA89E6 /* ModelDetailAdvices.swift */,
				4CDD7553298576F800C8C001 /* MonthlyMenstrualCycle.swift */,
			);
			path = Model;
			sourceTree = "<group>";
		};
		4CE85E6A297D542C004C2A94 /* View */ = {
			isa = PBXGroup;
			children = (
				4C6A25C129672CB500FE1220 /* CollectionViewCell */,
				4C7B83A52971DD81001EC9A4 /* EnterView.swift */,
				4C7B83A32971C80E001EC9A4 /* RegistrationView.swift */,
				4C5921222967648D0033353B /* EmptyStateView.swift */,
				4CEFF06A2986CEAD00783413 /* DatesView.swift */,
				4CE85E6D297D67EA004C2A94 /* CircleDaysOfPeriodView.swift */,
				4CE7A401291D393300B49515 /* HeaderViewAdvicesVC.swift */,
			);
			path = View;
			sourceTree = "<group>";
		};
		93577273FBEE6CBFD2342421 /* Frameworks */ = {
			isa = PBXGroup;
			children = (
				FF86AA76845930E69F84AF51 /* Pods_floProject2.framework */,
			);
			name = Frameworks;
			sourceTree = "<group>";
		};
		BA111BF38100E84CA939DD5D /* Pods */ = {
			isa = PBXGroup;
			children = (
				B5CD305DAF72C48C12D6F38B /* Pods-floProject2.debug.xcconfig */,
				5711C8260427755597E02EE3 /* Pods-floProject2.release.xcconfig */,
			);
			path = Pods;
			sourceTree = "<group>";
		};
/* End PBXGroup section */

/* Begin PBXNativeTarget section */
		4C564F9528C5272E00B2C883 /* floProject2 */ = {
			isa = PBXNativeTarget;
			buildConfigurationList = 4C564FAA28C5272F00B2C883 /* Build configuration list for PBXNativeTarget "floProject2" */;
			buildPhases = (
				825A9AAC66A503FE2EE13EB0 /* [CP] Check Pods Manifest.lock */,
				4C564F9228C5272E00B2C883 /* Sources */,
				4C564F9328C5272E00B2C883 /* Frameworks */,
				4C564F9428C5272E00B2C883 /* Resources */,
				01BEDDAAC95F8884CAC310A1 /* [CP] Embed Pods Frameworks */,
			);
			buildRules = (
			);
			dependencies = (
			);
			name = floProject2;
			packageProductDependencies = (
				4CF0C2E3297832D500D1672F /* FSCalendar */,
			);
			productName = floProject2;
			productReference = 4C564F9628C5272E00B2C883 /* floProject2.app */;
			productType = "com.apple.product-type.application";
		};
/* End PBXNativeTarget section */

/* Begin PBXProject section */
		4C564F8E28C5272D00B2C883 /* Project object */ = {
			isa = PBXProject;
			attributes = {
				BuildIndependentTargetsInParallel = 1;
				LastSwiftUpdateCheck = 1340;
				LastUpgradeCheck = 1340;
				TargetAttributes = {
					4C564F9528C5272E00B2C883 = {
						CreatedOnToolsVersion = 13.4.1;
					};
				};
			};
			buildConfigurationList = 4C564F9128C5272D00B2C883 /* Build configuration list for PBXProject "floProject2" */;
			compatibilityVersion = "Xcode 13.0";
			developmentRegion = en;
			hasScannedForEncodings = 0;
			knownRegions = (
				en,
				Base,
			);
			mainGroup = 4C564F8D28C5272D00B2C883;
			packageReferences = (
				4CF0C2E2297832D500D1672F /* XCRemoteSwiftPackageReference "FSCalendar" */,
			);
			productRefGroup = 4C564F9728C5272E00B2C883 /* Products */;
			projectDirPath = "";
			projectRoot = "";
			targets = (
				4C564F9528C5272E00B2C883 /* floProject2 */,
			);
		};
/* End PBXProject section */

/* Begin PBXResourcesBuildPhase section */
		4C564F9428C5272E00B2C883 /* Resources */ = {
			isa = PBXResourcesBuildPhase;
			buildActionMask = 2147483647;
			files = (
				4C564FA628C5272F00B2C883 /* LaunchScreen.storyboard in Resources */,
				4C564FA328C5272F00B2C883 /* Assets.xcassets in Resources */,
				4CA2945328C61FBA007519EF /* Launch Screen.storyboard in Resources */,
				4C4B24A6294B7914000EA85E /* ThirdAdvicesTableViewCell.xib in Resources */,
				4C62546D293D08C7006EE670 /* SecondReviewTableViewCell.xib in Resources */,
				4C4B24A2294B6111000EA85E /* FirstTableViewCell.xib in Resources */,
				4C564FA128C5272E00B2C883 /* Main.storyboard in Resources */,
			);
			runOnlyForDeploymentPostprocessing = 0;
		};
/* End PBXResourcesBuildPhase section */

/* Begin PBXShellScriptBuildPhase section */
		01BEDDAAC95F8884CAC310A1 /* [CP] Embed Pods Frameworks */ = {
			isa = PBXShellScriptBuildPhase;
			buildActionMask = 2147483647;
			files = (
			);
			inputFileListPaths = (
				"${PODS_ROOT}/Target Support Files/Pods-floProject2/Pods-floProject2-frameworks-${CONFIGURATION}-input-files.xcfilelist",
			);
			name = "[CP] Embed Pods Frameworks";
			outputFileListPaths = (
				"${PODS_ROOT}/Target Support Files/Pods-floProject2/Pods-floProject2-frameworks-${CONFIGURATION}-output-files.xcfilelist",
			);
			runOnlyForDeploymentPostprocessing = 0;
			shellPath = /bin/sh;
			shellScript = "\"${PODS_ROOT}/Target Support Files/Pods-floProject2/Pods-floProject2-frameworks.sh\"\n";
			showEnvVarsInLog = 0;
		};
		825A9AAC66A503FE2EE13EB0 /* [CP] Check Pods Manifest.lock */ = {
			isa = PBXShellScriptBuildPhase;
			buildActionMask = 2147483647;
			files = (
			);
			inputFileListPaths = (
			);
			inputPaths = (
				"${PODS_PODFILE_DIR_PATH}/Podfile.lock",
				"${PODS_ROOT}/Manifest.lock",
			);
			name = "[CP] Check Pods Manifest.lock";
			outputFileListPaths = (
			);
			outputPaths = (
				"$(DERIVED_FILE_DIR)/Pods-floProject2-checkManifestLockResult.txt",
			);
			runOnlyForDeploymentPostprocessing = 0;
			shellPath = /bin/sh;
			shellScript = "diff \"${PODS_PODFILE_DIR_PATH}/Podfile.lock\" \"${PODS_ROOT}/Manifest.lock\" > /dev/null\nif [ $? != 0 ] ; then\n    # print error to STDERR\n    echo \"error: The sandbox is not in sync with the Podfile.lock. Run 'pod install' or update your CocoaPods installation.\" >&2\n    exit 1\nfi\n# This output is used by Xcode 'outputs' to avoid re-running this script phase.\necho \"SUCCESS\" > \"${SCRIPT_OUTPUT_FILE_0}\"\n";
			showEnvVarsInLog = 0;
		};
/* End PBXShellScriptBuildPhase section */

/* Begin PBXSourcesBuildPhase section */
		4C564F9228C5272E00B2C883 /* Sources */ = {
			isa = PBXSourcesBuildPhase;
			buildActionMask = 2147483647;
			files = (
				4C7B83A42971C80E001EC9A4 /* RegistrationView.swift in Sources */,
				4CE85E69297D528E004C2A94 /* CycleDescription.swift in Sources */,
				4C80416D29745A70002ECF7F /* Dates+EXT.swift in Sources */,
				4CAA214328D8FFCE0037C628 /* CalendarViewController.swift in Sources */,
				4C592121296761C30033353B /* PersistenceManager.swift in Sources */,
				4C7B83A22971C55C001EC9A4 /* TextField.swift in Sources */,
				4CF0C2E82978836B00D1672F /* DaysOfPeriod.swift in Sources */,
				4C718D5D295F44C5002558AD /* HeaderLabels.swift in Sources */,
				4C7B83A62971DD81001EC9A4 /* EnterView.swift in Sources */,
				4C4B24A1294B6111000EA85E /* FirstTableViewCell.swift in Sources */,
				4C9ACCC528D3A5C2003DC1B2 /* Extention+ButtonAdvices.swift in Sources */,
				4C592125296765FB0033353B /* Button.swift in Sources */,
				4CE85E6E297D67EA004C2A94 /* CircleDaysOfPeriodView.swift in Sources */,
				4C4B24A5294B7914000EA85E /* ThirdAdvicesTableViewCell.swift in Sources */,
				4C0637C9297F0DD6001606EF /* ButtonStartPeriod.swift in Sources */,
				4C625471293D13A3006EE670 /* DetailAdvicesViewController.swift in Sources */,
				4CE7A402291D393300B49515 /* HeaderViewAdvicesVC.swift in Sources */,
				4CCB4ED12920028C00D2E5DB /* AdvicesViewController.swift in Sources */,
				4CAF5809298174E600F96F47 /* UserInfoModel.swift in Sources */,
				4C9602DB2979842200DF3276 /* PeriodModel.swift in Sources */,
				4C3BCFFB28D2595B00090C47 /* NotificationsViewController.swift in Sources */,
				4CAF5807298174D200F96F47 /* User.swift in Sources */,
				4C718D5B295F431E002558AD /* SFSymbols.swift in Sources */,
				4CE7A405291D4A9F00B49515 /* Advice.swift in Sources */,
				4CA92D4929696D0700DA89E6 /* DescriptionOfAdvice.swift in Sources */,
				4CE7A40A291D7F7C00B49515 /* AdvicesCell.swift in Sources */,
				4CD6A94429732166004A28DD /* RegistrationViewController.swift in Sources */,
				4C7B83992971BB82001EC9A4 /* AlertViewController.swift in Sources */,
				4C564F9A28C5272E00B2C883 /* AppDelegate.swift in Sources */,
				4CA92D47296969B500DA89E6 /* ModelDetailAdvices.swift in Sources */,
				4C7B839B2971BC0D001EC9A4 /* BodyLabel.swift in Sources */,
				4C7B83952971ADC3001EC9A4 /* StartPageViewController.swift in Sources */,
				4C7B839D2971BE16001EC9A4 /* UIColor.swift in Sources */,
				4CAF5803298173DD00F96F47 /* LocalStorageManager.swift in Sources */,
				4C80416F29745A8D002ECF7F /* String+ext.swift in Sources */,
				4C564F9C28C5272E00B2C883 /* SceneDelegate.swift in Sources */,
				4C5921232967648D0033353B /* EmptyStateView.swift in Sources */,
				4C3BCFF928D2572200090C47 /* SettingsViewController.swift in Sources */,
				4C608D4B297AAAD700F9CBFF /* FSCalendarWeek.swift in Sources */,
				4C718D60295F46B2002558AD /* TitleLabel.swift in Sources */,
				4C74E6AB2965B6EA00D85FB7 /* AdvicesButton.swift in Sources */,
				4CF0C2E6297833CF00D1672F /* OpenCalendarViewController.swift in Sources */,
				4CDD7554298576F800C8C001 /* MonthlyMenstrualCycle.swift in Sources */,
				4CEFF06B2986CEAD00783413 /* DatesView.swift in Sources */,
				4CACAD582964C64C0009DAE6 /* UIViewController+ext.swift in Sources */,
				4C62546C293D08C7006EE670 /* SecondReviewTableViewCell.swift in Sources */,
				4C59211E296740490033353B /* UIHelper.swift in Sources */,
			);
			runOnlyForDeploymentPostprocessing = 0;
		};
/* End PBXSourcesBuildPhase section */

/* Begin PBXVariantGroup section */
		4C564F9F28C5272E00B2C883 /* Main.storyboard */ = {
			isa = PBXVariantGroup;
			children = (
				4C564FA028C5272E00B2C883 /* Base */,
			);
			name = Main.storyboard;
			sourceTree = "<group>";
		};
		4C564FA428C5272F00B2C883 /* LaunchScreen.storyboard */ = {
			isa = PBXVariantGroup;
			children = (
				4C564FA528C5272F00B2C883 /* Base */,
			);
			name = LaunchScreen.storyboard;
			sourceTree = "<group>";
		};
/* End PBXVariantGroup section */

/* Begin XCBuildConfiguration section */
		4C564FA828C5272F00B2C883 /* Debug */ = {
			isa = XCBuildConfiguration;
			buildSettings = {
				ALWAYS_SEARCH_USER_PATHS = NO;
				CLANG_ANALYZER_NONNULL = YES;
				CLANG_ANALYZER_NUMBER_OBJECT_CONVERSION = YES_AGGRESSIVE;
				CLANG_CXX_LANGUAGE_STANDARD = "gnu++17";
				CLANG_ENABLE_MODULES = YES;
				CLANG_ENABLE_OBJC_ARC = YES;
				CLANG_ENABLE_OBJC_WEAK = YES;
				CLANG_WARN_BLOCK_CAPTURE_AUTORELEASING = YES;
				CLANG_WARN_BOOL_CONVERSION = YES;
				CLANG_WARN_COMMA = YES;
				CLANG_WARN_CONSTANT_CONVERSION = YES;
				CLANG_WARN_DEPRECATED_OBJC_IMPLEMENTATIONS = YES;
				CLANG_WARN_DIRECT_OBJC_ISA_USAGE = YES_ERROR;
				CLANG_WARN_DOCUMENTATION_COMMENTS = YES;
				CLANG_WARN_EMPTY_BODY = YES;
				CLANG_WARN_ENUM_CONVERSION = YES;
				CLANG_WARN_INFINITE_RECURSION = YES;
				CLANG_WARN_INT_CONVERSION = YES;
				CLANG_WARN_NON_LITERAL_NULL_CONVERSION = YES;
				CLANG_WARN_OBJC_IMPLICIT_RETAIN_SELF = YES;
				CLANG_WARN_OBJC_LITERAL_CONVERSION = YES;
				CLANG_WARN_OBJC_ROOT_CLASS = YES_ERROR;
				CLANG_WARN_QUOTED_INCLUDE_IN_FRAMEWORK_HEADER = YES;
				CLANG_WARN_RANGE_LOOP_ANALYSIS = YES;
				CLANG_WARN_STRICT_PROTOTYPES = YES;
				CLANG_WARN_SUSPICIOUS_MOVE = YES;
				CLANG_WARN_UNGUARDED_AVAILABILITY = YES_AGGRESSIVE;
				CLANG_WARN_UNREACHABLE_CODE = YES;
				CLANG_WARN__DUPLICATE_METHOD_MATCH = YES;
				COPY_PHASE_STRIP = NO;
				DEBUG_INFORMATION_FORMAT = dwarf;
				ENABLE_STRICT_OBJC_MSGSEND = YES;
				ENABLE_TESTABILITY = YES;
				GCC_C_LANGUAGE_STANDARD = gnu11;
				GCC_DYNAMIC_NO_PIC = NO;
				GCC_NO_COMMON_BLOCKS = YES;
				GCC_OPTIMIZATION_LEVEL = 0;
				GCC_PREPROCESSOR_DEFINITIONS = (
					"DEBUG=1",
					"$(inherited)",
				);
				GCC_WARN_64_TO_32_BIT_CONVERSION = YES;
				GCC_WARN_ABOUT_RETURN_TYPE = YES_ERROR;
				GCC_WARN_UNDECLARED_SELECTOR = YES;
				GCC_WARN_UNINITIALIZED_AUTOS = YES_AGGRESSIVE;
				GCC_WARN_UNUSED_FUNCTION = YES;
				GCC_WARN_UNUSED_VARIABLE = YES;
				IPHONEOS_DEPLOYMENT_TARGET = 15.5;
				MTL_ENABLE_DEBUG_INFO = INCLUDE_SOURCE;
				MTL_FAST_MATH = YES;
				ONLY_ACTIVE_ARCH = YES;
				SDKROOT = iphoneos;
				SWIFT_ACTIVE_COMPILATION_CONDITIONS = DEBUG;
				SWIFT_OPTIMIZATION_LEVEL = "-Onone";
			};
			name = Debug;
		};
		4C564FA928C5272F00B2C883 /* Release */ = {
			isa = XCBuildConfiguration;
			buildSettings = {
				ALWAYS_SEARCH_USER_PATHS = NO;
				CLANG_ANALYZER_NONNULL = YES;
				CLANG_ANALYZER_NUMBER_OBJECT_CONVERSION = YES_AGGRESSIVE;
				CLANG_CXX_LANGUAGE_STANDARD = "gnu++17";
				CLANG_ENABLE_MODULES = YES;
				CLANG_ENABLE_OBJC_ARC = YES;
				CLANG_ENABLE_OBJC_WEAK = YES;
				CLANG_WARN_BLOCK_CAPTURE_AUTORELEASING = YES;
				CLANG_WARN_BOOL_CONVERSION = YES;
				CLANG_WARN_COMMA = YES;
				CLANG_WARN_CONSTANT_CONVERSION = YES;
				CLANG_WARN_DEPRECATED_OBJC_IMPLEMENTATIONS = YES;
				CLANG_WARN_DIRECT_OBJC_ISA_USAGE = YES_ERROR;
				CLANG_WARN_DOCUMENTATION_COMMENTS = YES;
				CLANG_WARN_EMPTY_BODY = YES;
				CLANG_WARN_ENUM_CONVERSION = YES;
				CLANG_WARN_INFINITE_RECURSION = YES;
				CLANG_WARN_INT_CONVERSION = YES;
				CLANG_WARN_NON_LITERAL_NULL_CONVERSION = YES;
				CLANG_WARN_OBJC_IMPLICIT_RETAIN_SELF = YES;
				CLANG_WARN_OBJC_LITERAL_CONVERSION = YES;
				CLANG_WARN_OBJC_ROOT_CLASS = YES_ERROR;
				CLANG_WARN_QUOTED_INCLUDE_IN_FRAMEWORK_HEADER = YES;
				CLANG_WARN_RANGE_LOOP_ANALYSIS = YES;
				CLANG_WARN_STRICT_PROTOTYPES = YES;
				CLANG_WARN_SUSPICIOUS_MOVE = YES;
				CLANG_WARN_UNGUARDED_AVAILABILITY = YES_AGGRESSIVE;
				CLANG_WARN_UNREACHABLE_CODE = YES;
				CLANG_WARN__DUPLICATE_METHOD_MATCH = YES;
				COPY_PHASE_STRIP = NO;
				DEBUG_INFORMATION_FORMAT = "dwarf-with-dsym";
				ENABLE_NS_ASSERTIONS = NO;
				ENABLE_STRICT_OBJC_MSGSEND = YES;
				GCC_C_LANGUAGE_STANDARD = gnu11;
				GCC_NO_COMMON_BLOCKS = YES;
				GCC_WARN_64_TO_32_BIT_CONVERSION = YES;
				GCC_WARN_ABOUT_RETURN_TYPE = YES_ERROR;
				GCC_WARN_UNDECLARED_SELECTOR = YES;
				GCC_WARN_UNINITIALIZED_AUTOS = YES_AGGRESSIVE;
				GCC_WARN_UNUSED_FUNCTION = YES;
				GCC_WARN_UNUSED_VARIABLE = YES;
				IPHONEOS_DEPLOYMENT_TARGET = 15.5;
				MTL_ENABLE_DEBUG_INFO = NO;
				MTL_FAST_MATH = YES;
				SDKROOT = iphoneos;
				SWIFT_COMPILATION_MODE = wholemodule;
				SWIFT_OPTIMIZATION_LEVEL = "-O";
				VALIDATE_PRODUCT = YES;
			};
			name = Release;
		};
		4C564FAB28C5272F00B2C883 /* Debug */ = {
			isa = XCBuildConfiguration;
			baseConfigurationReference = B5CD305DAF72C48C12D6F38B /* Pods-floProject2.debug.xcconfig */;
			buildSettings = {
				ASSETCATALOG_COMPILER_APPICON_NAME = AppIcon;
				ASSETCATALOG_COMPILER_GLOBAL_ACCENT_COLOR_NAME = AccentColor;
				CODE_SIGN_STYLE = Automatic;
				CURRENT_PROJECT_VERSION = 1;
				GENERATE_INFOPLIST_FILE = YES;
				INFOPLIST_FILE = floProject2/Info.plist;
				INFOPLIST_KEY_UIApplicationSupportsIndirectInputEvents = YES;
				INFOPLIST_KEY_UILaunchStoryboardName = LaunchScreen;
				INFOPLIST_KEY_UIMainStoryboardFile = Main;
				INFOPLIST_KEY_UISupportedInterfaceOrientations_iPad = "UIInterfaceOrientationPortrait UIInterfaceOrientationPortraitUpsideDown UIInterfaceOrientationLandscapeLeft UIInterfaceOrientationLandscapeRight";
				INFOPLIST_KEY_UISupportedInterfaceOrientations_iPhone = "UIInterfaceOrientationPortrait UIInterfaceOrientationLandscapeLeft UIInterfaceOrientationLandscapeRight";
				LD_RUNPATH_SEARCH_PATHS = (
					"$(inherited)",
					"@executable_path/Frameworks",
				);
				MARKETING_VERSION = 1.0;
				PRODUCT_BUNDLE_IDENTIFIER = homework.floProject2;
				PRODUCT_NAME = "$(TARGET_NAME)";
				SWIFT_EMIT_LOC_STRINGS = YES;
				SWIFT_VERSION = 5.0;
				TARGETED_DEVICE_FAMILY = "1,2";
			};
			name = Debug;
		};
		4C564FAC28C5272F00B2C883 /* Release */ = {
			isa = XCBuildConfiguration;
			baseConfigurationReference = 5711C8260427755597E02EE3 /* Pods-floProject2.release.xcconfig */;
			buildSettings = {
				ASSETCATALOG_COMPILER_APPICON_NAME = AppIcon;
				ASSETCATALOG_COMPILER_GLOBAL_ACCENT_COLOR_NAME = AccentColor;
				CODE_SIGN_STYLE = Automatic;
				CURRENT_PROJECT_VERSION = 1;
				GENERATE_INFOPLIST_FILE = YES;
				INFOPLIST_FILE = floProject2/Info.plist;
				INFOPLIST_KEY_UIApplicationSupportsIndirectInputEvents = YES;
				INFOPLIST_KEY_UILaunchStoryboardName = LaunchScreen;
				INFOPLIST_KEY_UIMainStoryboardFile = Main;
				INFOPLIST_KEY_UISupportedInterfaceOrientations_iPad = "UIInterfaceOrientationPortrait UIInterfaceOrientationPortraitUpsideDown UIInterfaceOrientationLandscapeLeft UIInterfaceOrientationLandscapeRight";
				INFOPLIST_KEY_UISupportedInterfaceOrientations_iPhone = "UIInterfaceOrientationPortrait UIInterfaceOrientationLandscapeLeft UIInterfaceOrientationLandscapeRight";
				LD_RUNPATH_SEARCH_PATHS = (
					"$(inherited)",
					"@executable_path/Frameworks",
				);
				MARKETING_VERSION = 1.0;
				PRODUCT_BUNDLE_IDENTIFIER = homework.floProject2;
				PRODUCT_NAME = "$(TARGET_NAME)";
				SWIFT_EMIT_LOC_STRINGS = YES;
				SWIFT_VERSION = 5.0;
				TARGETED_DEVICE_FAMILY = "1,2";
			};
			name = Release;
		};
/* End XCBuildConfiguration section */

/* Begin XCConfigurationList section */
		4C564F9128C5272D00B2C883 /* Build configuration list for PBXProject "floProject2" */ = {
			isa = XCConfigurationList;
			buildConfigurations = (
				4C564FA828C5272F00B2C883 /* Debug */,
				4C564FA928C5272F00B2C883 /* Release */,
			);
			defaultConfigurationIsVisible = 0;
			defaultConfigurationName = Release;
		};
		4C564FAA28C5272F00B2C883 /* Build configuration list for PBXNativeTarget "floProject2" */ = {
			isa = XCConfigurationList;
			buildConfigurations = (
				4C564FAB28C5272F00B2C883 /* Debug */,
				4C564FAC28C5272F00B2C883 /* Release */,
			);
			defaultConfigurationIsVisible = 0;
			defaultConfigurationName = Release;
		};
/* End XCConfigurationList section */

/* Begin XCRemoteSwiftPackageReference section */
		4CF0C2E2297832D500D1672F /* XCRemoteSwiftPackageReference "FSCalendar" */ = {
			isa = XCRemoteSwiftPackageReference;
			repositoryURL = "https://github.com/WenchaoD/FSCalendar.git";
			requirement = {
				kind = upToNextMajorVersion;
				minimumVersion = 2.8.3;
			};
		};
/* End XCRemoteSwiftPackageReference section */

/* Begin XCSwiftPackageProductDependency section */
		4CF0C2E3297832D500D1672F /* FSCalendar */ = {
			isa = XCSwiftPackageProductDependency;
			package = 4CF0C2E2297832D500D1672F /* XCRemoteSwiftPackageReference "FSCalendar" */;
			productName = FSCalendar;
		};
/* End XCSwiftPackageProductDependency section */
	};
	rootObject = 4C564F8E28C5272D00B2C883 /* Project object */;
}
